
Microsoft Visual Studio Solution File, Format Version 12.00
# Visual Studio 15
VisualStudioVersion = 15.0.28307.852
MinimumVisualStudioVersion = 10.0.40219.1
Project("{8BC9CEB8-8B4A-11D0-8D11-00A0C91BC942}") = "进程调度test", "进程调度test\进程调度test.vcxproj", "{46929C96-9FDC-46B4-9075-13D4E30E17C4}"
EndProject
Global
	GlobalSection(SolutionConfigurationPlatforms) = preSolution
		Debug|x64 = Debug|x64
		Debug|x86 = Debug|x86
		Release|x64 = Release|x64
		Release|x86 = Release|x86
	EndGlobalSection
	GlobalSection(ProjectConfigurationPlatforms) = postSolution
		{46929C96-9FDC-46B4-9075-13D4E30E17C4}.Debug|x64.ActiveCfg = Debug|x64
		{46929C96-9FDC-46B4-9075-13D4E30E17C4}.Debug|x64.Build.0 = Debug|x64
		{46929C96-9FDC-46B4-9075-13D4E30E17C4}.Debug|x86.ActiveCfg = Debug|Win32
		{46929C96-9FDC-46B4-9075-13D4E30E17C4}.Debug|x86.Build.0 = Debug|Win32
		{46929C96-9FDC-46B4-9075-13D4E30E17C4}.Release|x64.ActiveCfg = Release|x64
		{46929C96-9FDC-46B4-9075-13D4E30E17C4}.Release|x64.Build.0 = Release|x64
		{46929C96-9FDC-46B4-9075-13D4E30E17C4}.Release|x86.ActiveCfg = Release|Win32
		{46929C96-9FDC-46B4-9075-13D4E30E17C4}.Release|x86.Build.0 = Release|Win32
	EndGlobalSection
	GlobalSection(SolutionProperties) = preSolution
		HideSolutionNode = FALSE
	EndGlobalSection
	GlobalSection(ExtensibilityGlobals) = postSolution
		SolutionGuid = {DE579EFE-7BB3-485A-94E6-33E14DF75DCA}
	EndGlobalSection
EndGlobal
