
Microsoft Visual Studio Solution File, Format Version 12.00
# Visual Studio 15
VisualStudioVersion = 15.0.28307.1022
MinimumVisualStudioVersion = 10.0.40219.1
Project("{8BC9CEB8-8B4A-11D0-8D11-00A0C91BC942}") = "压缩字符串", "压缩字符串\压缩字符串.vcxproj", "{A5B05ACF-72D6-457C-B9EC-63267E1B4628}"
EndProject
Global
	GlobalSection(SolutionConfigurationPlatforms) = preSolution
		Debug|x64 = Debug|x64
		Debug|x86 = Debug|x86
		Release|x64 = Release|x64
		Release|x86 = Release|x86
	EndGlobalSection
	GlobalSection(ProjectConfigurationPlatforms) = postSolution
		{A5B05ACF-72D6-457C-B9EC-63267E1B4628}.Debug|x64.ActiveCfg = Debug|x64
		{A5B05ACF-72D6-457C-B9EC-63267E1B4628}.Debug|x64.Build.0 = Debug|x64
		{A5B05ACF-72D6-457C-B9EC-63267E1B4628}.Debug|x86.ActiveCfg = Debug|Win32
		{A5B05ACF-72D6-457C-B9EC-63267E1B4628}.Debug|x86.Build.0 = Debug|Win32
		{A5B05ACF-72D6-457C-B9EC-63267E1B4628}.Release|x64.ActiveCfg = Release|x64
		{A5B05ACF-72D6-457C-B9EC-63267E1B4628}.Release|x64.Build.0 = Release|x64
		{A5B05ACF-72D6-457C-B9EC-63267E1B4628}.Release|x86.ActiveCfg = Release|Win32
		{A5B05ACF-72D6-457C-B9EC-63267E1B4628}.Release|x86.Build.0 = Release|Win32
	EndGlobalSection
	GlobalSection(SolutionProperties) = preSolution
		HideSolutionNode = FALSE
	EndGlobalSection
	GlobalSection(ExtensibilityGlobals) = postSolution
		SolutionGuid = {DC559A8C-C56B-4E31-BEBC-E2D840585912}
	EndGlobalSection
EndGlobal
